
Microsoft Visual Studio Solution File, Format Version 12.00
# Visual Studio Version 17
VisualStudioVersion = 17.5.33530.505
MinimumVisualStudioVersion = 10.0.40219.1
Project("{FAE04EC0-301F-11D3-BF4B-00C04F79EFBC}") = "ProjetoModeloAPI", "ProjetoModelo\ProjetoModeloAPI.csproj", "{257FBE7F-5D8A-42EA-8578-DA279DE414F3}"
EndProject
Global
	GlobalSection(SolutionConfigurationPlatforms) = preSolution
		Debug|Any CPU = Debug|Any CPU
		Release|Any CPU = Release|Any CPU
	EndGlobalSection
	GlobalSection(ProjectConfigurationPlatforms) = postSolution
		{257FBE7F-5D8A-42EA-8578-DA279DE414F3}.Debug|Any CPU.ActiveCfg = Debug|Any CPU
		{257FBE7F-5D8A-42EA-8578-DA279DE414F3}.Debug|Any CPU.Build.0 = Debug|Any CPU
		{257FBE7F-5D8A-42EA-8578-DA279DE414F3}.Release|Any CPU.ActiveCfg = Release|Any CPU
		{257FBE7F-5D8A-42EA-8578-DA279DE414F3}.Release|Any CPU.Build.0 = Release|Any CPU
	EndGlobalSection
	GlobalSection(SolutionProperties) = preSolution
		HideSolutionNode = FALSE
	EndGlobalSection
	GlobalSection(ExtensibilityGlobals) = postSolution
		SolutionGuid = {77CDFFBC-1E4F-4C50-B347-050ADBE8CAD6}
	EndGlobalSection
EndGlobal
